
Microsoft Visual Studio Solution File, Format Version 12.00
# Visual Studio Version 17
VisualStudioVersion = 17.3.32922.545
MinimumVisualStudioVersion = 10.0.40219.1
Project("{FAE04EC0-301F-11D3-BF4B-00C04F79EFBC}") = "constructor", "constructor\constructor.csproj", "{C49DEAFE-8AAC-45EA-BBFD-2C84C5D560B4}"
EndProject
Global
	GlobalSection(SolutionConfigurationPlatforms) = preSolution
		Debug|Any CPU = Debug|Any CPU
		Release|Any CPU = Release|Any CPU
	EndGlobalSection
	GlobalSection(ProjectConfigurationPlatforms) = postSolution
		{C49DEAFE-8AAC-45EA-BBFD-2C84C5D560B4}.Debug|Any CPU.ActiveCfg = Debug|Any CPU
		{C49DEAFE-8AAC-45EA-BBFD-2C84C5D560B4}.Debug|Any CPU.Build.0 = Debug|Any CPU
		{C49DEAFE-8AAC-45EA-BBFD-2C84C5D560B4}.Release|Any CPU.ActiveCfg = Release|Any CPU
		{C49DEAFE-8AAC-45EA-BBFD-2C84C5D560B4}.Release|Any CPU.Build.0 = Release|Any CPU
	EndGlobalSection
	GlobalSection(SolutionProperties) = preSolution
		HideSolutionNode = FALSE
	EndGlobalSection
	GlobalSection(ExtensibilityGlobals) = postSolution
		SolutionGuid = {DF3B49EE-3B96-4868-8782-F0D817B3380D}
	EndGlobalSection
EndGlobal
